{"format_version":"1.0","provider_schemas":{"registry.terraform.io/redpanda-data/redpanda":{"provider":{"version":0,"block":{"attributes":{"access_token":{"type":"string","description":"Redpanda client token. You need either `access_token`, or both `client_id` and `client_secret` to use this provider. Can also be set with the `REDPANDA_ACCESS_TOKEN` environment variable.","description_kind":"markdown","optional":true,"sensitive":true},"azure_client_id":{"type":"string","description":"Used for creating and managing BYOC and BYOVPC clusters. Can also be specified in the environment as AZURE_CLIENT_ID or ARM_CLIENT_ID","description_kind":"plain","optional":true},"azure_client_secret":{"type":"string","description":"Used for creating and managing BYOC and BYOVPC clusters. Can also be specified in the environment as AZURE_CLIENT_SECRET or ARM_CLIENT_SECRET","description_kind":"plain","optional":true},"azure_subscription_id":{"type":"string","description":"The default Azure Subscription ID which should be used for Redpanda BYOC clusters. If another subscription is specified on a resource, it will take precedence. This can also be sourced from the `ARM_SUBSCRIPTION_ID` environment variable.","description_kind":"plain","optional":true},"azure_tenant_id":{"type":"string","description":"Used for creating and managing BYOC and BYOVPC clusters. Can also be specified in the environment as AZURE_TENANT_ID or ARM_TENANT_ID","description_kind":"plain","optional":true},"client_id":{"type":"string","description":"The ID for the client. You need either `client_id` AND `client_secret`, or `access_token`, to use this provider. Can also be set with the `REDPANDA_CLIENT_ID` environment variable.","description_kind":"markdown","optional":true,"sensitive":true},"client_secret":{"type":"string","description":"Redpanda client secret. You need either `client_id` AND `client_secret`, or `access_token`, to use this provider. Can also be set with the `REDPANDA_CLIENT_SECRET` environment variable.","description_kind":"markdown","optional":true,"sensitive":true},"gcp_project_id":{"type":"string","description":"The default Google Cloud Project ID to use for Redpanda BYOC clusters. If another project is specified on a resource, it will take precedence. This can also be sourced from the `GOOGLE_PROJECT` environment variable, or any of the following ordered by precedence: `GOOGLE_PROJECT`, `GOOGLE_CLOUD_PROJECT`, `GCLOUD_PROJECT`, or `CLOUDSDK_CORE_PROJECT`.","description_kind":"plain","optional":true},"google_credentials":{"type":"string","description":"Used for creating and managing BYOC and BYOVPC clusters. Can also be specified in the environment as GOOGLE_CREDENTIALS","description_kind":"plain","optional":true},"google_credentials_base64":{"type":"string","description":"Used for creating and managing BYOC and BYOVPC clusters. Is a convenience passthrough for base64 encoded credentials intended for use in CI/CD. Can also be specified in the environment as GOOGLE_CREDENTIALS_BASE64","description_kind":"plain","optional":true}},"description":"Provider configuration","description_kind":"markdown"}},"resource_schemas":{"redpanda_acl":{"version":0,"block":{"attributes":{"cluster_api_url":{"type":"string","description":"The cluster API URL. Changing this will prevent deletion of the resource on the existing cluster. It is generally a better idea to delete an existing resource and create a new one than to change this value unless you are planning to do state imports","description_kind":"plain","required":true},"host":{"type":"string","description":"The host address to use for this ACL","description_kind":"plain","required":true},"id":{"type":"string","description_kind":"plain","computed":true},"operation":{"type":"string","description":"The operation type that shall be allowed or denied (e.g READ)","description_kind":"plain","required":true},"permission_type":{"type":"string","description":"The permission type. It determines whether the operation should be ALLOWED or DENIED","description_kind":"plain","required":true},"principal":{"type":"string","description":"The principal to apply this ACL for","description_kind":"plain","required":true},"resource_name":{"type":"string","description":"The name of the resource this ACL entry will be on","description_kind":"plain","required":true},"resource_pattern_type":{"type":"string","description":"The pattern type of the resource. It determines the strategy how the provided resource name is matched (LITERAL, MATCH, PREFIXED, etc ...) against the actual resource names","description_kind":"plain","required":true},"resource_type":{"type":"string","description":"The type of the resource (TOPIC, GROUP, etc...) this ACL shall target","description_kind":"plain","required":true}},"description_kind":"plain"}},"redpanda_cluster":{"version":0,"block":{"attributes":{"allow_deletion":{"type":"bool","description":"Allows deletion of the cluster. Defaults to true. Should probably be set to false for production use.","description_kind":"plain","optional":true},"aws_private_link":{"nested_type":{"attributes":{"allowed_principals":{"type":["list","string"],"description":"The ARN of the principals that can access the Redpanda AWS PrivateLink Endpoint Service. To grant permissions to all principals, use an asterisk (*).","description_kind":"plain","required":true},"connect_console":{"type":"bool","description":"Whether Console is connected via PrivateLink.","description_kind":"plain","required":true},"enabled":{"type":"bool","description":"Whether AWS PrivateLink is enabled.","description_kind":"plain","required":true},"status":{"nested_type":{"attributes":{"console_port":{"type":"number","description":"Port for Redpanda Console.","description_kind":"plain","computed":true},"created_at":{"type":"string","description":"When the PrivateLink service was created.","description_kind":"plain","computed":true},"deleted_at":{"type":"string","description":"When the PrivateLink service was deleted.","description_kind":"plain","computed":true},"kafka_api_node_base_port":{"type":"number","description":"Base port for Kafka API nodes.","description_kind":"plain","computed":true},"kafka_api_seed_port":{"type":"number","description":"Port for Kafka API seed brokers.","description_kind":"plain","computed":true},"redpanda_proxy_node_base_port":{"type":"number","description":"Base port for HTTP proxy nodes.","description_kind":"plain","computed":true},"redpanda_proxy_seed_port":{"type":"number","description":"Port for HTTP proxy.","description_kind":"plain","computed":true},"schema_registry_seed_port":{"type":"number","description":"Port for Schema Registry.","description_kind":"plain","computed":true},"service_id":{"type":"string","description":"The PrivateLink service ID.","description_kind":"plain","computed":true},"service_name":{"type":"string","description":"The PrivateLink service name.","description_kind":"plain","computed":true},"service_state":{"type":"string","description":"Current state of the PrivateLink service.","description_kind":"plain","computed":true},"vpc_endpoint_connections":{"nested_type":{"attributes":{"connection_id":{"type":"string","description":"The connection ID.","description_kind":"plain","computed":true},"created_at":{"type":"string","description":"When the endpoint connection was created.","description_kind":"plain","computed":true},"dns_entries":{"nested_type":{"attributes":{"dns_name":{"type":"string","description":"The DNS name.","description_kind":"plain","computed":true},"hosted_zone_id":{"type":"string","description":"The hosted zone ID.","description_kind":"plain","computed":true}},"nesting_mode":"list"},"description":"DNS entries for the endpoint.","description_kind":"plain","computed":true},"id":{"type":"string","description":"The endpoint connection ID.","description_kind":"plain","computed":true},"load_balancer_arns":{"type":["list","string"],"description":"ARNs of associated load balancers.","description_kind":"plain","computed":true},"owner":{"type":"string","description":"Owner of the endpoint connection.","description_kind":"plain","computed":true},"state":{"type":"string","description":"State of the endpoint connection.","description_kind":"plain","computed":true}},"nesting_mode":"list"},"description":"List of VPC endpoint connections.","description_kind":"plain","computed":true}},"nesting_mode":"single"},"description":"Current status of the PrivateLink configuration.","description_kind":"plain","computed":true}},"nesting_mode":"single"},"description":"AWS PrivateLink configuration.","description_kind":"plain","optional":true},"azure_private_link":{"nested_type":{"attributes":{"allowed_subscriptions":{"type":["list","string"],"description":"The subscriptions that can access the Redpanda Azure PrivateLink Endpoint Service. To grant permissions to all principals, use an asterisk (*).","description_kind":"plain","required":true},"connect_console":{"type":"bool","description":"Whether Console is connected in Redpanda Azure Private Link Service.","description_kind":"plain","required":true},"enabled":{"type":"bool","description":"Whether Redpanda Azure Private Link Endpoint Service is enabled.","description_kind":"plain","required":true},"status":{"nested_type":{"attributes":{"approved_subscriptions":{"type":["list","string"],"description":"List of approved Azure subscription IDs.","description_kind":"plain","computed":true},"console_port":{"type":"number","description":"Port for Redpanda Console.","description_kind":"plain","computed":true},"created_at":{"type":"string","description":"When the Private Link service was created.","description_kind":"plain","computed":true},"deleted_at":{"type":"string","description":"When the Private Link service was deleted.","description_kind":"plain","computed":true},"dns_a_record":{"type":"string","description":"DNS A record for the service.","description_kind":"plain","computed":true},"kafka_api_node_base_port":{"type":"number","description":"Base port for Kafka API nodes.","description_kind":"plain","computed":true},"kafka_api_seed_port":{"type":"number","description":"Port for Kafka API seed brokers.","description_kind":"plain","computed":true},"private_endpoint_connections":{"nested_type":{"attributes":{"connection_id":{"type":"string","description":"ID of the connection.","description_kind":"plain","computed":true},"connection_name":{"type":"string","description":"Name of the connection.","description_kind":"plain","computed":true},"created_at":{"type":"string","description":"When the endpoint connection was created.","description_kind":"plain","computed":true},"private_endpoint_id":{"type":"string","description":"ID of the private endpoint.","description_kind":"plain","computed":true},"private_endpoint_name":{"type":"string","description":"Name of the private endpoint.","description_kind":"plain","computed":true},"status":{"type":"string","description":"Status of the endpoint connection.","description_kind":"plain","computed":true}},"nesting_mode":"list"},"description":"List of private endpoint connections.","description_kind":"plain","computed":true},"redpanda_proxy_node_base_port":{"type":"number","description":"Base port for HTTP proxy nodes.","description_kind":"plain","computed":true},"redpanda_proxy_seed_port":{"type":"number","description":"Port for HTTP proxy.","description_kind":"plain","computed":true},"schema_registry_seed_port":{"type":"number","description":"Port for Schema Registry.","description_kind":"plain","computed":true},"service_id":{"type":"string","description":"The Private Link service ID.","description_kind":"plain","computed":true},"service_name":{"type":"string","description":"The Private Link service name.","description_kind":"plain","computed":true}},"nesting_mode":"single"},"description":"Current status of the Private Link configuration.","description_kind":"plain","computed":true}},"nesting_mode":"single"},"description":"Azure Private Link configuration.","description_kind":"plain","optional":true},"cloud_provider":{"type":"string","description":"Cloud provider where resources are created.","description_kind":"plain","optional":true},"cluster_api_url":{"type":"string","description":"The URL of the cluster API.","description_kind":"plain","computed":true},"cluster_type":{"type":"string","description":"Cluster type. Type is immutable and can only be set on cluster creation.","description_kind":"plain","required":true},"connection_type":{"type":"string","description":"Cluster connection type. Private clusters are not exposed to the internet. For BYOC clusters, Private is best-practice.","description_kind":"plain","required":true},"created_at":{"type":"string","description":"Timestamp when the cluster was created.","description_kind":"plain","computed":true},"customer_managed_resources":{"nested_type":{"attributes":{"aws":{"nested_type":{"attributes":{"agent_instance_profile":{"nested_type":{"attributes":{"arn":{"type":"string","description":"ARN for the agent instance profile","description_kind":"plain","required":true}},"nesting_mode":"single"},"description_kind":"plain","required":true},"cloud_storage_bucket":{"nested_type":{"attributes":{"arn":{"type":"string","description":"ARN for the cloud storage bucket","description_kind":"plain","required":true}},"nesting_mode":"single"},"description_kind":"plain","required":true},"cluster_security_group":{"nested_type":{"attributes":{"arn":{"type":"string","description":"ARN for the cluster security group","description_kind":"plain","required":true}},"nesting_mode":"single"},"description_kind":"plain","required":true},"connectors_node_group_instance_profile":{"nested_type":{"attributes":{"arn":{"type":"string","description":"ARN for the connectors node group instance profile","description_kind":"plain","required":true}},"nesting_mode":"single"},"description_kind":"plain","required":true},"connectors_security_group":{"nested_type":{"attributes":{"arn":{"type":"string","description":"ARN for the connectors security group","description_kind":"plain","required":true}},"nesting_mode":"single"},"description_kind":"plain","required":true},"k8s_cluster_role":{"nested_type":{"attributes":{"arn":{"type":"string","description":"ARN for the Kubernetes cluster role","description_kind":"plain","required":true}},"nesting_mode":"single"},"description_kind":"plain","required":true},"node_security_group":{"nested_type":{"attributes":{"arn":{"type":"string","description":"ARN for the node security group","description_kind":"plain","required":true}},"nesting_mode":"single"},"description_kind":"plain","required":true},"permissions_boundary_policy":{"nested_type":{"attributes":{"arn":{"type":"string","description":"ARN for the permissions boundary policy","description_kind":"plain","required":true}},"nesting_mode":"single"},"description_kind":"plain","required":true},"redpanda_agent_security_group":{"nested_type":{"attributes":{"arn":{"type":"string","description":"ARN for the redpanda agent security group","description_kind":"plain","required":true}},"nesting_mode":"single"},"description_kind":"plain","required":true},"redpanda_node_group_instance_profile":{"nested_type":{"attributes":{"arn":{"type":"string","description":"ARN for the redpanda node group instance profile","description_kind":"plain","required":true}},"nesting_mode":"single"},"description_kind":"plain","required":true},"redpanda_node_group_security_group":{"nested_type":{"attributes":{"arn":{"type":"string","description":"ARN for the redpanda node group security group","description_kind":"plain","required":true}},"nesting_mode":"single"},"description_kind":"plain","required":true},"utility_node_group_instance_profile":{"nested_type":{"attributes":{"arn":{"type":"string","description":"ARN for the utility node group instance profile","description_kind":"plain","required":true}},"nesting_mode":"single"},"description_kind":"plain","required":true},"utility_security_group":{"nested_type":{"attributes":{"arn":{"type":"string","description":"ARN for the utility security group","description_kind":"plain","required":true}},"nesting_mode":"single"},"description_kind":"plain","required":true}},"nesting_mode":"single"},"description_kind":"plain","optional":true},"gcp":{"nested_type":{"attributes":{"agent_service_account":{"nested_type":{"attributes":{"email":{"type":"string","description":"GCP service account email.","description_kind":"plain","required":true}},"nesting_mode":"single"},"description":"GCP service account for the agent.","description_kind":"plain","required":true},"connector_service_account":{"nested_type":{"attributes":{"email":{"type":"string","description":"GCP service account email.","description_kind":"plain","required":true}},"nesting_mode":"single"},"description":"GCP service account for managed connectors.","description_kind":"plain","required":true},"console_service_account":{"nested_type":{"attributes":{"email":{"type":"string","description":"GCP service account email.","description_kind":"plain","required":true}},"nesting_mode":"single"},"description":"GCP service account for Redpanda Console.","description_kind":"plain","required":true},"gke_service_account":{"nested_type":{"attributes":{"email":{"type":"string","description":"GCP service account email.","description_kind":"plain","required":true}},"nesting_mode":"single"},"description":"GCP service account for GCP Kubernetes Engine (GKE).","description_kind":"plain","required":true},"psc_nat_subnet_name":{"type":"string","description":"NAT subnet name if GCP Private Service Connect is enabled.","description_kind":"plain","optional":true},"redpanda_cluster_service_account":{"nested_type":{"attributes":{"email":{"type":"string","description":"GCP service account email.","description_kind":"plain","required":true}},"nesting_mode":"single"},"description":"GCP service account for the Redpanda cluster.","description_kind":"plain","required":true},"subnet":{"nested_type":{"attributes":{"k8s_master_ipv4_range":{"type":"string","description":"Kubernetes Master IPv4 range, e.g. 10.0.0.0/24.","description_kind":"plain","required":true},"name":{"type":"string","description":"Subnet name.","description_kind":"plain","required":true},"secondary_ipv4_range_pods":{"nested_type":{"attributes":{"name":{"type":"string","description":"Secondary IPv4 range name for pods.","description_kind":"plain","required":true}},"nesting_mode":"single"},"description":"Secondary IPv4 range for pods.","description_kind":"plain","required":true},"secondary_ipv4_range_services":{"nested_type":{"attributes":{"name":{"type":"string","description":"Secondary IPv4 range name for services.","description_kind":"plain","required":true}},"nesting_mode":"single"},"description":"Secondary IPv4 range for services.","description_kind":"plain","required":true}},"nesting_mode":"single"},"description":"GCP subnet where Redpanda cluster is deployed.","description_kind":"plain","required":true},"tiered_storage_bucket":{"nested_type":{"attributes":{"name":{"type":"string","description":"GCP storage bucket name.","description_kind":"plain","required":true}},"nesting_mode":"single"},"description":"GCP storage bucket for Tiered storage.","description_kind":"plain","required":true}},"nesting_mode":"single"},"description_kind":"plain","optional":true}},"nesting_mode":"single"},"description":"Customer managed resources configuration for the cluster.","description_kind":"plain","optional":true},"gcp_global_access_enabled":{"type":"bool","description":"If true, GCP global access is enabled.","description_kind":"plain","optional":true},"gcp_private_service_connect":{"nested_type":{"attributes":{"consumer_accept_list":{"nested_type":{"attributes":{"source":{"type":"string","description":"Either the GCP project number or its alphanumeric ID.","description_kind":"plain","required":true}},"nesting_mode":"list"},"description":"List of consumers that are allowed to connect to Redpanda GCP PSC (Private Service Connect) service attachment.","description_kind":"plain","required":true},"enabled":{"type":"bool","description":"Whether Redpanda GCP Private Service Connect is enabled.","description_kind":"plain","required":true},"global_access_enabled":{"type":"bool","description":"Whether global access is enabled.","description_kind":"plain","required":true},"status":{"nested_type":{"attributes":{"connected_endpoints":{"nested_type":{"attributes":{"connection_id":{"type":"string","description":"The connection ID.","description_kind":"plain","computed":true},"consumer_network":{"type":"string","description":"The consumer network.","description_kind":"plain","computed":true},"endpoint":{"type":"string","description":"The endpoint address.","description_kind":"plain","computed":true},"status":{"type":"string","description":"Status of the endpoint connection.","description_kind":"plain","computed":true}},"nesting_mode":"list"},"description":"List of connected endpoints.","description_kind":"plain","computed":true},"created_at":{"type":"string","description":"When the Private Service Connect service was created.","description_kind":"plain","computed":true},"deleted_at":{"type":"string","description":"When the Private Service Connect service was deleted.","description_kind":"plain","computed":true},"dns_a_records":{"type":["list","string"],"description":"DNS A records for the service.","description_kind":"plain","computed":true},"kafka_api_node_base_port":{"type":"number","description":"Base port for Kafka API nodes.","description_kind":"plain","computed":true},"kafka_api_seed_port":{"type":"number","description":"Port for Kafka API seed brokers.","description_kind":"plain","computed":true},"redpanda_proxy_node_base_port":{"type":"number","description":"Base port for HTTP proxy nodes.","description_kind":"plain","computed":true},"redpanda_proxy_seed_port":{"type":"number","description":"Port for HTTP proxy.","description_kind":"plain","computed":true},"schema_registry_seed_port":{"type":"number","description":"Port for Schema Registry.","description_kind":"plain","computed":true},"seed_hostname":{"type":"string","description":"Hostname for the seed brokers.","description_kind":"plain","computed":true},"service_attachment":{"type":"string","description":"The service attachment identifier.","description_kind":"plain","computed":true}},"nesting_mode":"single"},"description":"Current status of the Private Service Connect configuration.","description_kind":"plain","computed":true}},"nesting_mode":"single"},"description":"GCP Private Service Connect configuration.","description_kind":"plain","optional":true},"http_proxy":{"nested_type":{"attributes":{"mtls":{"nested_type":{"attributes":{"ca_certificates_pem":{"type":["list","string"],"description":"CA certificate in PEM format.","description_kind":"plain","optional":true},"enabled":{"type":"bool","description":"Whether mTLS is enabled.","description_kind":"plain","optional":true,"computed":true},"principal_mapping_rules":{"type":["list","string"],"description":"Principal mapping rules for mTLS authentication. See the Redpanda documentation on configuring authentication.","description_kind":"plain","optional":true}},"nesting_mode":"single"},"description":"mTLS configuration.","description_kind":"plain","optional":true,"computed":true},"url":{"type":"string","description":"The HTTP Proxy URL.","description_kind":"plain","computed":true}},"nesting_mode":"single"},"description":"HTTP Proxy properties.","description_kind":"plain","optional":true,"computed":true},"id":{"type":"string","description":"ID of the cluster. ID is an output from the Create Cluster endpoint and cannot be set by the caller.","description_kind":"plain","computed":true},"kafka_api":{"nested_type":{"attributes":{"mtls":{"nested_type":{"attributes":{"ca_certificates_pem":{"type":["list","string"],"description":"CA certificate in PEM format.","description_kind":"plain","optional":true},"enabled":{"type":"bool","description":"Whether mTLS is enabled.","description_kind":"plain","optional":true,"computed":true},"principal_mapping_rules":{"type":["list","string"],"description":"Principal mapping rules for mTLS authentication. See the Redpanda documentation on configuring authentication.","description_kind":"plain","optional":true}},"nesting_mode":"single"},"description":"mTLS configuration.","description_kind":"plain","optional":true,"computed":true},"seed_brokers":{"type":["list","string"],"description":"List of Kafka broker addresses.","description_kind":"plain","computed":true}},"nesting_mode":"single"},"description":"Cluster's Kafka API properties.","description_kind":"plain","optional":true,"computed":true},"kafka_connect":{"nested_type":{"attributes":{"enabled":{"type":"bool","description":"Whether Kafka Connect is enabled.","description_kind":"plain","optional":true,"computed":true}},"nesting_mode":"single"},"description":"Kafka Connect configuration.","description_kind":"plain","optional":true,"computed":true},"maintenance_window_config":{"nested_type":{"attributes":{"anytime":{"type":"bool","description":"If true, maintenance can occur at any time.","description_kind":"plain","optional":true},"day_hour":{"nested_type":{"attributes":{"day_of_week":{"type":"string","description":"Day of week.","description_kind":"plain","optional":true},"hour_of_day":{"type":"number","description":"Hour of day.","description_kind":"plain","optional":true}},"nesting_mode":"single"},"description_kind":"plain","optional":true},"unspecified":{"type":"bool","description":"If true, maintenance window is unspecified.","description_kind":"plain","computed":true}},"nesting_mode":"single"},"description":"Maintenance window configuration for the cluster.","description_kind":"plain","optional":true,"computed":true},"name":{"type":"string","description":"Unique name of the cluster.","description_kind":"plain","required":true},"network_id":{"type":"string","description":"Network ID where cluster is placed.","description_kind":"plain","required":true},"prometheus":{"nested_type":{"attributes":{"url":{"type":"string","description":"The Prometheus metrics endpoint URL.","description_kind":"plain","computed":true}},"nesting_mode":"single"},"description":"Prometheus metrics endpoint properties.","description_kind":"plain","computed":true},"read_replica_cluster_ids":{"type":["list","string"],"description":"IDs of clusters that can create read-only topics from this cluster.","description_kind":"plain","optional":true},"redpanda_console":{"nested_type":{"attributes":{"url":{"type":"string","description":"The Redpanda Console URL.","description_kind":"plain","computed":true}},"nesting_mode":"single"},"description":"Redpanda Console properties.","description_kind":"plain","computed":true},"redpanda_version":{"type":"string","description":"Current Redpanda version of the cluster.","description_kind":"plain","optional":true},"region":{"type":"string","description":"Cloud provider region. Region represents the name of the region where the cluster will be provisioned.","description_kind":"plain","optional":true},"resource_group_id":{"type":"string","description":"Resource group ID of the cluster.","description_kind":"plain","required":true},"schema_registry":{"nested_type":{"attributes":{"mtls":{"nested_type":{"attributes":{"ca_certificates_pem":{"type":["list","string"],"description":"CA certificate in PEM format.","description_kind":"plain","optional":true},"enabled":{"type":"bool","description":"Whether mTLS is enabled.","description_kind":"plain","optional":true,"computed":true},"principal_mapping_rules":{"type":["list","string"],"description":"Principal mapping rules for mTLS authentication. See the Redpanda documentation on configuring authentication.","description_kind":"plain","optional":true}},"nesting_mode":"single"},"description":"mTLS configuration.","description_kind":"plain","optional":true},"url":{"type":"string","description":"The Schema Registry URL.","description_kind":"plain","computed":true}},"nesting_mode":"single"},"description":"Schema Registry properties.","description_kind":"plain","optional":true,"computed":true},"state":{"type":"string","description":"Current state of the cluster.","description_kind":"plain","computed":true},"state_description":{"nested_type":{"attributes":{"code":{"type":"number","description":"Error code if cluster is in error state.","description_kind":"plain","computed":true},"message":{"type":"string","description":"Detailed error message if cluster is in error state.","description_kind":"plain","computed":true}},"nesting_mode":"single"},"description":"Detailed state description when cluster is in a non-ready state.","description_kind":"plain","computed":true},"tags":{"type":["map","string"],"description":"Tags placed on cloud resources. If the cloud provider is GCP and the name of a tag has the prefix \"gcp.network-tag.\", the tag is a network tag that will be added to the Redpanda cluster GKE nodes. Otherwise, the tag is a normal tag. For example, if the name of a tag is \"gcp.network-tag.network-tag-foo\", the network tag named \"network-tag-foo\" will be added to the Redpanda cluster GKE nodes. Note: The value of a network tag will be ignored. See the details on network tags at https://cloud.google.com/vpc/docs/add-remove-network-tags.","description_kind":"plain","optional":true},"throughput_tier":{"type":"string","description":"Throughput tier of the cluster.","description_kind":"plain","required":true},"zones":{"type":["list","string"],"description":"Zones of the cluster. Must be valid zones within the selected region. If multiple zones are used, the cluster is a multi-AZ cluster.","description_kind":"plain","optional":true}},"description_kind":"plain"}},"redpanda_network":{"version":0,"block":{"attributes":{"cidr_block":{"type":"string","description":"The cidr_block to create the network in","description_kind":"plain","optional":true},"cloud_provider":{"type":"string","description":"The cloud provider to create the network in.","description_kind":"plain","required":true},"cluster_type":{"type":"string","description":"The type of cluster this network is associated with, can be one of dedicated or cloud","description_kind":"plain","required":true},"customer_managed_resources":{"nested_type":{"attributes":{"aws":{"nested_type":{"attributes":{"dynamodb_table":{"nested_type":{"attributes":{"arn":{"type":"string","description":"AWS DynamoDB table identifier","description_kind":"plain","required":true}},"nesting_mode":"single"},"description_kind":"plain","required":true},"management_bucket":{"nested_type":{"attributes":{"arn":{"type":"string","description":"AWS storage bucket identifier","description_kind":"plain","required":true}},"nesting_mode":"single"},"description_kind":"plain","required":true},"private_subnets":{"nested_type":{"attributes":{"arns":{"type":["list","string"],"description":"AWS private subnet identifiers","description_kind":"plain","required":true}},"nesting_mode":"single"},"description_kind":"plain","required":true},"vpc":{"nested_type":{"attributes":{"arn":{"type":"string","description":"AWS VPC identifier","description_kind":"plain","required":true}},"nesting_mode":"single"},"description_kind":"plain","required":true}},"nesting_mode":"single"},"description_kind":"plain","optional":true},"gcp":{"nested_type":{"attributes":{"management_bucket":{"nested_type":{"attributes":{"name":{"type":"string","description":"GCP storage bucket name for storing the state of Redpanda cluster deployment","description_kind":"plain","required":true}},"nesting_mode":"single"},"description_kind":"plain","required":true},"network_name":{"type":"string","description":"Name of user-created network where the Redpanda cluster is deployed","description_kind":"plain","required":true},"network_project_id":{"type":"string","description":"GCP project ID where the network is created","description_kind":"plain","required":true}},"nesting_mode":"single"},"description_kind":"plain","optional":true}},"nesting_mode":"single"},"description_kind":"plain","optional":true},"id":{"type":"string","description":"The ID of the network","description_kind":"plain","computed":true},"name":{"type":"string","description":"Name of the network","description_kind":"plain","required":true},"region":{"type":"string","description":"The region to create the network in.","description_kind":"plain","required":true},"resource_group_id":{"type":"string","description":"The ID of the resource group in which to create the network","description_kind":"plain","required":true}},"description_kind":"plain"}},"redpanda_resource_group":{"version":1,"block":{"attributes":{"id":{"type":"string","description":"UUID of the resource group","description_kind":"plain","computed":true},"name":{"type":"string","description":"Name of the resource group. Changing the name of a resource group will result in a new resource group being created and the old one being destroyed","description_kind":"plain","required":true}},"description":"A Redpanda Cloud resource group","description_kind":"plain"}},"redpanda_serverless_cluster":{"version":0,"block":{"attributes":{"cluster_api_url":{"type":"string","description":"The URL of the dataplane API for the serverless cluster","description_kind":"plain","computed":true},"id":{"type":"string","description":"The ID of the serverless cluster","description_kind":"plain","computed":true},"name":{"type":"string","description":"Name of the serverless cluster","description_kind":"plain","required":true},"resource_group_id":{"type":"string","description":"The ID of the Resource Group in which to create the serverless cluster","description_kind":"plain","required":true},"serverless_region":{"type":"string","description":"Redpanda specific region of the serverless cluster","description_kind":"plain","required":true}},"description_kind":"plain"}},"redpanda_topic":{"version":0,"block":{"attributes":{"allow_deletion":{"type":"bool","description":"Indicates whether the topic can be deleted.","description_kind":"plain","optional":true},"cluster_api_url":{"type":"string","description":"The cluster API URL. Changing this will prevent deletion of the resource on the existing cluster. It is generally a better idea to delete an existing resource and create a new one than to change this value unless you are planning to do state imports","description_kind":"plain","required":true},"configuration":{"type":["map","string"],"description":"A map of string key/value pairs of topic configurations.","description_kind":"plain","optional":true,"computed":true},"id":{"type":"string","description_kind":"plain","computed":true},"name":{"type":"string","description":"The name of the topic.","description_kind":"plain","required":true},"partition_count":{"type":"number","description":"The number of partitions for the topic. This determines how the data is distributed across brokers. Increases are fully supported without data loss, decreases will result in an error and should be accomplished by creating a new topic and migrating the data.","description_kind":"plain","optional":true,"computed":true},"replication_factor":{"type":"number","description":"The replication factor for the topic, which defines how many copies of the data are kept across different brokers for fault tolerance.","description_kind":"plain","optional":true,"computed":true}},"description":"Topic represents a Kafka topic configuration","description_kind":"plain"}},"redpanda_user":{"version":0,"block":{"attributes":{"cluster_api_url":{"type":"string","description":"The cluster API URL. Changing this will prevent deletion of the resource on the existing cluster. It is generally a better idea to delete an existing resource and create a new one than to change this value unless you are planning to do state imports","description_kind":"plain","required":true},"id":{"type":"string","description_kind":"plain","computed":true},"mechanism":{"type":"string","description":"Which authentication method to use, see https://docs.redpanda.com/current/manage/security/authentication/ for more information","description_kind":"plain","optional":true},"name":{"type":"string","description":"Name of the user, must be unique","description_kind":"plain","required":true},"password":{"type":"string","description":"Password of the user","description_kind":"plain","required":true,"sensitive":true}},"description":"User is a user that can be created in Redpanda","description_kind":"plain"}}},"data_source_schemas":{"redpanda_cluster":{"version":0,"block":{"attributes":{"allow_deletion":{"type":"bool","description":"Whether cluster deletion is allowed.","description_kind":"plain","computed":true},"aws_private_link":{"nested_type":{"attributes":{"allowed_principals":{"type":["list","string"],"description":"The ARN of the principals that can access the Redpanda AWS PrivateLink Endpoint Service.","description_kind":"plain","computed":true},"connect_console":{"type":"bool","description":"Whether Console is connected via PrivateLink.","description_kind":"plain","computed":true},"enabled":{"type":"bool","description":"Whether AWS PrivateLink is enabled.","description_kind":"plain","computed":true},"status":{"nested_type":{"attributes":{"console_port":{"type":"number","description":"Port for Redpanda Console.","description_kind":"plain","computed":true},"created_at":{"type":"string","description":"When the PrivateLink service was created.","description_kind":"plain","computed":true},"deleted_at":{"type":"string","description":"When the PrivateLink service was deleted.","description_kind":"plain","computed":true},"kafka_api_node_base_port":{"type":"number","description":"Base port for Kafka API nodes.","description_kind":"plain","computed":true},"kafka_api_seed_port":{"type":"number","description":"Port for Kafka API seed brokers.","description_kind":"plain","computed":true},"redpanda_proxy_node_base_port":{"type":"number","description":"Base port for HTTP proxy nodes.","description_kind":"plain","computed":true},"redpanda_proxy_seed_port":{"type":"number","description":"Port for HTTP proxy.","description_kind":"plain","computed":true},"schema_registry_seed_port":{"type":"number","description":"Port for Schema Registry.","description_kind":"plain","computed":true},"service_id":{"type":"string","description":"The PrivateLink service ID.","description_kind":"plain","computed":true},"service_name":{"type":"string","description":"The PrivateLink service name.","description_kind":"plain","computed":true},"service_state":{"type":"string","description":"Current state of the PrivateLink service.","description_kind":"plain","computed":true},"vpc_endpoint_connections":{"nested_type":{"attributes":{"connection_id":{"type":"string","description":"The connection ID.","description_kind":"plain","computed":true},"created_at":{"type":"string","description":"When the endpoint connection was created.","description_kind":"plain","computed":true},"dns_entries":{"nested_type":{"attributes":{"dns_name":{"type":"string","description":"The DNS name.","description_kind":"plain","computed":true},"hosted_zone_id":{"type":"string","description":"The hosted zone ID.","description_kind":"plain","computed":true}},"nesting_mode":"list"},"description":"DNS entries for the endpoint.","description_kind":"plain","computed":true},"id":{"type":"string","description":"The endpoint connection ID.","description_kind":"plain","computed":true},"load_balancer_arns":{"type":["list","string"],"description":"ARNs of associated load balancers.","description_kind":"plain","computed":true},"owner":{"type":"string","description":"Owner of the endpoint connection.","description_kind":"plain","computed":true},"state":{"type":"string","description":"State of the endpoint connection.","description_kind":"plain","computed":true}},"nesting_mode":"list"},"description":"List of VPC endpoint connections.","description_kind":"plain","computed":true}},"nesting_mode":"single"},"description":"Current status of the PrivateLink configuration.","description_kind":"plain","computed":true}},"nesting_mode":"single"},"description":"AWS PrivateLink configuration.","description_kind":"plain","computed":true},"azure_private_link":{"nested_type":{"attributes":{"allowed_subscriptions":{"type":["list","string"],"description":"The subscriptions that can access the Redpanda Azure PrivateLink Endpoint Service.","description_kind":"plain","computed":true},"connect_console":{"type":"bool","description":"Whether Console is connected in Redpanda Azure Private Link Service.","description_kind":"plain","computed":true},"enabled":{"type":"bool","description":"Whether Redpanda Azure Private Link Endpoint Service is enabled.","description_kind":"plain","computed":true},"status":{"nested_type":{"attributes":{"approved_subscriptions":{"type":["list","string"],"description":"List of approved Azure subscription IDs.","description_kind":"plain","computed":true},"console_port":{"type":"number","description":"Port for Redpanda Console.","description_kind":"plain","computed":true},"created_at":{"type":"string","description":"When the Private Link service was created.","description_kind":"plain","computed":true},"deleted_at":{"type":"string","description":"When the Private Link service was deleted.","description_kind":"plain","computed":true},"dns_a_record":{"type":"string","description":"DNS A record for the service.","description_kind":"plain","computed":true},"kafka_api_node_base_port":{"type":"number","description":"Base port for Kafka API nodes.","description_kind":"plain","computed":true},"kafka_api_seed_port":{"type":"number","description":"Port for Kafka API seed brokers.","description_kind":"plain","computed":true},"private_endpoint_connections":{"nested_type":{"attributes":{"connection_id":{"type":"string","description":"ID of the connection.","description_kind":"plain","computed":true},"connection_name":{"type":"string","description":"Name of the connection.","description_kind":"plain","computed":true},"created_at":{"type":"string","description":"When the endpoint connection was created.","description_kind":"plain","computed":true},"private_endpoint_id":{"type":"string","description":"ID of the private endpoint.","description_kind":"plain","computed":true},"private_endpoint_name":{"type":"string","description":"Name of the private endpoint.","description_kind":"plain","computed":true},"status":{"type":"string","description":"Status of the endpoint connection.","description_kind":"plain","computed":true}},"nesting_mode":"list"},"description":"List of private endpoint connections.","description_kind":"plain","computed":true},"redpanda_proxy_node_base_port":{"type":"number","description":"Base port for HTTP proxy nodes.","description_kind":"plain","computed":true},"redpanda_proxy_seed_port":{"type":"number","description":"Port for HTTP proxy.","description_kind":"plain","computed":true},"schema_registry_seed_port":{"type":"number","description":"Port for Schema Registry.","description_kind":"plain","computed":true},"service_id":{"type":"string","description":"The Private Link service ID.","description_kind":"plain","computed":true},"service_name":{"type":"string","description":"The Private Link service name.","description_kind":"plain","computed":true}},"nesting_mode":"single"},"description":"Current status of the Private Link configuration.","description_kind":"plain","computed":true}},"nesting_mode":"single"},"description":"Azure Private Link configuration.","description_kind":"plain","computed":true},"cloud_provider":{"type":"string","description":"Cloud provider where resources are created.","description_kind":"plain","computed":true},"cluster_api_url":{"type":"string","description":"The URL of the cluster API.","description_kind":"plain","computed":true},"cluster_type":{"type":"string","description":"Cluster type. Type is immutable and can only be set on cluster creation.","description_kind":"plain","computed":true},"connection_type":{"type":"string","description":"Cluster connection type. Private clusters are not exposed to the internet. For BYOC clusters, Private is best-practice.","description_kind":"plain","computed":true},"created_at":{"type":"string","description":"Timestamp when the cluster was created.","description_kind":"plain","computed":true},"customer_managed_resources":{"nested_type":{"attributes":{"aws":{"nested_type":{"attributes":{"agent_instance_profile":{"nested_type":{"attributes":{"arn":{"type":"string","description":"ARN for the agent instance profile","description_kind":"plain","computed":true}},"nesting_mode":"single"},"description_kind":"plain","computed":true},"cloud_storage_bucket":{"nested_type":{"attributes":{"arn":{"type":"string","description":"ARN for the cloud storage bucket","description_kind":"plain","computed":true}},"nesting_mode":"single"},"description_kind":"plain","computed":true},"cluster_security_group":{"nested_type":{"attributes":{"arn":{"type":"string","description":"ARN for the cluster security group","description_kind":"plain","computed":true}},"nesting_mode":"single"},"description_kind":"plain","computed":true},"connectors_node_group_instance_profile":{"nested_type":{"attributes":{"arn":{"type":"string","description":"ARN for the connectors node group instance profile","description_kind":"plain","computed":true}},"nesting_mode":"single"},"description_kind":"plain","computed":true},"connectors_security_group":{"nested_type":{"attributes":{"arn":{"type":"string","description":"ARN for the connectors security group","description_kind":"plain","computed":true}},"nesting_mode":"single"},"description_kind":"plain","computed":true},"k8s_cluster_role":{"nested_type":{"attributes":{"arn":{"type":"string","description":"ARN for the Kubernetes cluster role","description_kind":"plain","computed":true}},"nesting_mode":"single"},"description_kind":"plain","computed":true},"node_security_group":{"nested_type":{"attributes":{"arn":{"type":"string","description":"ARN for the node security group","description_kind":"plain","computed":true}},"nesting_mode":"single"},"description_kind":"plain","computed":true},"permissions_boundary_policy":{"nested_type":{"attributes":{"arn":{"type":"string","description":"ARN for the permissions boundary policy","description_kind":"plain","computed":true}},"nesting_mode":"single"},"description_kind":"plain","computed":true},"redpanda_agent_security_group":{"nested_type":{"attributes":{"arn":{"type":"string","description":"ARN for the redpanda agent security group","description_kind":"plain","computed":true}},"nesting_mode":"single"},"description_kind":"plain","computed":true},"redpanda_node_group_instance_profile":{"nested_type":{"attributes":{"arn":{"type":"string","description":"ARN for the redpanda node group instance profile","description_kind":"plain","computed":true}},"nesting_mode":"single"},"description_kind":"plain","computed":true},"redpanda_node_group_security_group":{"nested_type":{"attributes":{"arn":{"type":"string","description":"ARN for the redpanda node group security group","description_kind":"plain","computed":true}},"nesting_mode":"single"},"description_kind":"plain","computed":true},"utility_node_group_instance_profile":{"nested_type":{"attributes":{"arn":{"type":"string","description":"ARN for the utility node group instance profile","description_kind":"plain","computed":true}},"nesting_mode":"single"},"description_kind":"plain","computed":true},"utility_security_group":{"nested_type":{"attributes":{"arn":{"type":"string","description":"ARN for the utility security group","description_kind":"plain","computed":true}},"nesting_mode":"single"},"description_kind":"plain","computed":true}},"nesting_mode":"single"},"description_kind":"plain","computed":true},"gcp":{"nested_type":{"attributes":{"agent_service_account":{"nested_type":{"attributes":{"email":{"type":"string","description":"GCP service account email.","description_kind":"plain","computed":true}},"nesting_mode":"single"},"description":"GCP service account for the agent.","description_kind":"plain","computed":true},"connector_service_account":{"nested_type":{"attributes":{"email":{"type":"string","description":"GCP service account email.","description_kind":"plain","computed":true}},"nesting_mode":"single"},"description":"GCP service account for managed connectors.","description_kind":"plain","computed":true},"console_service_account":{"nested_type":{"attributes":{"email":{"type":"string","description":"GCP service account email.","description_kind":"plain","computed":true}},"nesting_mode":"single"},"description":"GCP service account for Redpanda Console.","description_kind":"plain","computed":true},"gke_service_account":{"nested_type":{"attributes":{"email":{"type":"string","description":"GCP service account email.","description_kind":"plain","computed":true}},"nesting_mode":"single"},"description":"GCP service account for GCP Kubernetes Engine (GKE).","description_kind":"plain","computed":true},"psc_nat_subnet_name":{"type":"string","description":"NAT subnet name if GCP Private Service Connect is enabled.","description_kind":"plain","computed":true},"redpanda_cluster_service_account":{"nested_type":{"attributes":{"email":{"type":"string","description":"GCP service account email.","description_kind":"plain","computed":true}},"nesting_mode":"single"},"description":"GCP service account for the Redpanda cluster.","description_kind":"plain","computed":true},"subnet":{"nested_type":{"attributes":{"k8s_master_ipv4_range":{"type":"string","description":"Kubernetes Master IPv4 range, e.g. 10.0.0.0/24.","description_kind":"plain","computed":true},"name":{"type":"string","description":"Subnet name.","description_kind":"plain","computed":true},"secondary_ipv4_range_pods":{"nested_type":{"attributes":{"name":{"type":"string","description":"Secondary IPv4 range name for pods.","description_kind":"plain","computed":true}},"nesting_mode":"single"},"description":"Secondary IPv4 range for pods.","description_kind":"plain","computed":true},"secondary_ipv4_range_services":{"nested_type":{"attributes":{"name":{"type":"string","description":"Secondary IPv4 range name for services.","description_kind":"plain","computed":true}},"nesting_mode":"single"},"description":"Secondary IPv4 range for services.","description_kind":"plain","computed":true}},"nesting_mode":"single"},"description":"GCP subnet where Redpanda cluster is deployed.","description_kind":"plain","computed":true},"tiered_storage_bucket":{"nested_type":{"attributes":{"name":{"type":"string","description":"GCP storage bucket name.","description_kind":"plain","computed":true}},"nesting_mode":"single"},"description":"GCP storage bucket for Tiered storage.","description_kind":"plain","computed":true}},"nesting_mode":"single"},"description_kind":"plain","computed":true}},"nesting_mode":"single"},"description":"Customer managed resources configuration for the cluster.","description_kind":"plain","computed":true},"gcp_global_access_enabled":{"type":"bool","description":"If true, GCP global access is enabled.","description_kind":"plain","computed":true},"gcp_private_service_connect":{"nested_type":{"attributes":{"consumer_accept_list":{"nested_type":{"attributes":{"source":{"type":"string","description":"Either the GCP project number or its alphanumeric ID.","description_kind":"plain","computed":true}},"nesting_mode":"list"},"description":"List of consumers that are allowed to connect to Redpanda GCP PSC service attachment.","description_kind":"plain","computed":true},"enabled":{"type":"bool","description":"Whether Redpanda GCP Private Service Connect is enabled.","description_kind":"plain","computed":true},"global_access_enabled":{"type":"bool","description":"Whether global access is enabled.","description_kind":"plain","computed":true},"status":{"nested_type":{"attributes":{"connected_endpoints":{"nested_type":{"attributes":{"connection_id":{"type":"string","description":"The connection ID.","description_kind":"plain","computed":true},"consumer_network":{"type":"string","description":"The consumer network.","description_kind":"plain","computed":true},"endpoint":{"type":"string","description":"The endpoint address.","description_kind":"plain","computed":true},"status":{"type":"string","description":"Status of the endpoint connection.","description_kind":"plain","computed":true}},"nesting_mode":"list"},"description":"List of connected endpoints.","description_kind":"plain","computed":true},"created_at":{"type":"string","description":"When the Private Service Connect service was created.","description_kind":"plain","computed":true},"deleted_at":{"type":"string","description":"When the Private Service Connect service was deleted.","description_kind":"plain","computed":true},"dns_a_records":{"type":["list","string"],"description":"DNS A records for the service.","description_kind":"plain","computed":true},"kafka_api_node_base_port":{"type":"number","description":"Base port for Kafka API nodes.","description_kind":"plain","computed":true},"kafka_api_seed_port":{"type":"number","description":"Port for Kafka API seed brokers.","description_kind":"plain","computed":true},"redpanda_proxy_node_base_port":{"type":"number","description":"Base port for HTTP proxy nodes.","description_kind":"plain","computed":true},"redpanda_proxy_seed_port":{"type":"number","description":"Port for HTTP proxy.","description_kind":"plain","computed":true},"schema_registry_seed_port":{"type":"number","description":"Port for Schema Registry.","description_kind":"plain","computed":true},"seed_hostname":{"type":"string","description":"Hostname for the seed brokers.","description_kind":"plain","computed":true},"service_attachment":{"type":"string","description":"The service attachment identifier.","description_kind":"plain","computed":true}},"nesting_mode":"single"},"description":"Current status of the Private Service Connect configuration.","description_kind":"plain","computed":true}},"nesting_mode":"single"},"description":"GCP Private Service Connect configuration.","description_kind":"plain","computed":true},"http_proxy":{"nested_type":{"attributes":{"mtls":{"nested_type":{"attributes":{"ca_certificates_pem":{"type":["list","string"],"description":"CA certificate in PEM format.","description_kind":"plain","computed":true},"enabled":{"type":"bool","description":"Whether mTLS is enabled.","description_kind":"plain","computed":true},"principal_mapping_rules":{"type":["list","string"],"description":"Principal mapping rules for mTLS authentication.","description_kind":"plain","computed":true}},"nesting_mode":"single"},"description":"mTLS configuration.","description_kind":"plain","computed":true},"url":{"type":"string","description":"The HTTP Proxy URL.","description_kind":"plain","computed":true}},"nesting_mode":"single"},"description":"HTTP Proxy properties.","description_kind":"plain","computed":true},"id":{"type":"string","description":"ID of the cluster. ID is an output from the Create Cluster endpoint and cannot be set by the caller.","description_kind":"plain","required":true},"kafka_api":{"nested_type":{"attributes":{"mtls":{"nested_type":{"attributes":{"ca_certificates_pem":{"type":["list","string"],"description":"CA certificate in PEM format.","description_kind":"plain","computed":true},"enabled":{"type":"bool","description":"Whether mTLS is enabled.","description_kind":"plain","computed":true},"principal_mapping_rules":{"type":["list","string"],"description":"Principal mapping rules for mTLS authentication.","description_kind":"plain","computed":true}},"nesting_mode":"single"},"description":"mTLS configuration.","description_kind":"plain","computed":true},"seed_brokers":{"type":["list","string"],"description":"List of Kafka broker addresses.","description_kind":"plain","computed":true}},"nesting_mode":"single"},"description":"Cluster's Kafka API properties.","description_kind":"plain","computed":true},"kafka_connect":{"nested_type":{"attributes":{"enabled":{"type":"bool","description":"Whether Kafka Connect is enabled.","description_kind":"plain","computed":true}},"nesting_mode":"single"},"description":"Kafka Connect configuration.","description_kind":"plain","computed":true},"maintenance_window_config":{"nested_type":{"attributes":{"anytime":{"type":"bool","description":"If true, maintenance can occur at any time.","description_kind":"plain","computed":true},"day_hour":{"nested_type":{"attributes":{"day_of_week":{"type":"string","description":"Day of week.","description_kind":"plain","computed":true},"hour_of_day":{"type":"number","description":"Hour of day.","description_kind":"plain","computed":true}},"nesting_mode":"single"},"description_kind":"plain","computed":true},"unspecified":{"type":"bool","description":"If true, maintenance window is unspecified.","description_kind":"plain","computed":true}},"nesting_mode":"single"},"description":"Maintenance window configuration for the cluster.","description_kind":"plain","computed":true},"name":{"type":"string","description":"Unique name of the cluster.","description_kind":"plain","computed":true},"network_id":{"type":"string","description":"Network ID where cluster is placed.","description_kind":"plain","computed":true},"prometheus":{"nested_type":{"attributes":{"url":{"type":"string","description":"The Prometheus metrics endpoint URL.","description_kind":"plain","computed":true}},"nesting_mode":"single"},"description":"Prometheus metrics endpoint properties.","description_kind":"plain","computed":true},"read_replica_cluster_ids":{"type":["list","string"],"description":"IDs of clusters that can create read-only topics from this cluster.","description_kind":"plain","computed":true},"redpanda_console":{"nested_type":{"attributes":{"url":{"type":"string","description":"The Redpanda Console URL.","description_kind":"plain","computed":true}},"nesting_mode":"single"},"description":"Redpanda Console properties.","description_kind":"plain","computed":true},"redpanda_version":{"type":"string","description":"Current Redpanda version of the cluster.","description_kind":"plain","computed":true},"region":{"type":"string","description":"Cloud provider region.","description_kind":"plain","computed":true},"resource_group_id":{"type":"string","description":"Resource group ID of the cluster.","description_kind":"plain","computed":true},"schema_registry":{"nested_type":{"attributes":{"mtls":{"nested_type":{"attributes":{"ca_certificates_pem":{"type":["list","string"],"description":"CA certificate in PEM format.","description_kind":"plain","computed":true},"enabled":{"type":"bool","description":"Whether mTLS is enabled.","description_kind":"plain","computed":true},"principal_mapping_rules":{"type":["list","string"],"description":"Principal mapping rules for mTLS authentication.","description_kind":"plain","computed":true}},"nesting_mode":"single"},"description":"mTLS configuration.","description_kind":"plain","computed":true},"url":{"type":"string","description":"The Schema Registry URL.","description_kind":"plain","computed":true}},"nesting_mode":"single"},"description":"Schema Registry properties.","description_kind":"plain","computed":true},"state":{"type":"string","description":"Current state of the cluster.","description_kind":"plain","computed":true},"state_description":{"nested_type":{"attributes":{"code":{"type":"number","description":"Error code if cluster is in error state.","description_kind":"plain","computed":true},"message":{"type":"string","description":"Detailed error message if cluster is in error state.","description_kind":"plain","computed":true}},"nesting_mode":"single"},"description":"Detailed state description when cluster is in a non-ready state.","description_kind":"plain","computed":true},"tags":{"type":["map","string"],"description":"Tags placed on cloud resources.","description_kind":"plain","computed":true},"throughput_tier":{"type":"string","description":"Throughput tier of the cluster.","description_kind":"plain","computed":true},"zones":{"type":["list","string"],"description":"Zones of the cluster. Must be valid zones within the selected region. If multiple zones are used, the cluster is a multi-AZ cluster.","description_kind":"plain","computed":true}},"description":"Data source for a Redpanda Cloud cluster","description_kind":"plain"}},"redpanda_network":{"version":0,"block":{"attributes":{"cidr_block":{"type":"string","description":"The cidr_block to create the network in","description_kind":"plain","computed":true},"cloud_provider":{"type":"string","description":"The cloud provider to create the network in. Can also be set at the provider level","description_kind":"plain","computed":true},"cluster_type":{"type":"string","description":"The type of cluster this network is associated with, can be one of dedicated or cloud","description_kind":"plain","computed":true},"customer_managed_resources":{"nested_type":{"attributes":{"aws":{"nested_type":{"attributes":{"dynamodb_table":{"nested_type":{"attributes":{"arn":{"type":"string","description":"AWS DynamoDB table identifier","description_kind":"plain","required":true}},"nesting_mode":"single"},"description_kind":"plain","computed":true},"management_bucket":{"nested_type":{"attributes":{"arn":{"type":"string","description":"AWS storage bucket identifier","description_kind":"plain","required":true}},"nesting_mode":"single"},"description_kind":"plain","computed":true},"private_subnets":{"nested_type":{"attributes":{"arns":{"type":["list","string"],"description":"AWS private subnet identifiers","description_kind":"plain","required":true}},"nesting_mode":"single"},"description_kind":"plain","computed":true},"vpc":{"nested_type":{"attributes":{"arn":{"type":"string","description":"AWS VPC identifier","description_kind":"plain","required":true}},"nesting_mode":"single"},"description_kind":"plain","computed":true}},"nesting_mode":"single"},"description_kind":"plain","optional":true,"computed":true}},"nesting_mode":"single"},"description_kind":"plain","computed":true},"id":{"type":"string","description":"UUID of the network","description_kind":"plain","required":true},"name":{"type":"string","description":"Name of the network","description_kind":"plain","computed":true},"region":{"type":"string","description":"The region to create the network in. Can also be set at the provider level","description_kind":"plain","computed":true},"resource_group_id":{"type":"string","description":"The ID of the resource group in which to create the network","description_kind":"plain","computed":true}},"description":"Data source for a Redpanda Cloud network","description_kind":"plain"}},"redpanda_region":{"version":0,"block":{"attributes":{"cloud_provider":{"type":"string","description":"Cloud provider where the region exists","description_kind":"plain","required":true},"name":{"type":"string","description":"Name of the region","description_kind":"plain","required":true},"zones":{"type":["list","string"],"description":"Zones available in the region","description_kind":"plain","computed":true}},"description":"Data source for a Redpanda Cloud region","description_kind":"plain"}},"redpanda_regions":{"version":0,"block":{"attributes":{"cloud_provider":{"type":"string","description":"Cloud provider where the regions exist","description_kind":"plain","required":true},"regions":{"nested_type":{"attributes":{"name":{"type":"string","description":"Name of the region","description_kind":"plain","computed":true},"zones":{"type":["list","string"],"description":"Zones available in the region","description_kind":"plain","computed":true}},"nesting_mode":"list"},"description":"Regions available for the cloud provider","description_kind":"plain","computed":true}},"description":"Data source for a list of Redpanda Cloud regions","description_kind":"plain"}},"redpanda_resource_group":{"version":1,"block":{"attributes":{"id":{"type":"string","description":"UUID of the resource group","description_kind":"plain","optional":true,"computed":true},"name":{"type":"string","description":"Name of the resource group","description_kind":"plain","optional":true,"computed":true}},"description":"Data source for a Redpanda Cloud resource group","description_kind":"plain"}},"redpanda_serverless_cluster":{"version":0,"block":{"attributes":{"cluster_api_url":{"type":"string","description":"The URL of the cluster API","description_kind":"plain","computed":true},"id":{"type":"string","description":"The ID of the serverless cluster","description_kind":"plain","required":true},"name":{"type":"string","description":"Name of the serverless cluster","description_kind":"plain","computed":true},"resource_group_id":{"type":"string","description":"The ID of the resource group in which to create the serverless cluster","description_kind":"plain","computed":true},"serverless_region":{"type":"string","description":"Redpanda specific region for the serverless cluster","description_kind":"plain","computed":true}},"description":"Data source for a Redpanda Cloud serverless cluster","description_kind":"plain"}},"redpanda_serverless_regions":{"version":0,"block":{"attributes":{"cloud_provider":{"type":"string","description":"Cloud provider where the serverless regions exist","description_kind":"plain","required":true},"serverless_regions":{"nested_type":{"attributes":{"available":{"type":"bool","description":"Region available","description_kind":"plain","computed":true},"name":{"type":"string","description":"Name of the serverless region","description_kind":"plain","computed":true},"time_zone":{"type":"string","description":"Time zone of the serverless region","description_kind":"plain","computed":true}},"nesting_mode":"list"},"description":"Serverless regions available for the cloud provider","description_kind":"plain","computed":true}},"description":"Data source for a list of Redpanda Cloud serverless regions","description_kind":"plain"}},"redpanda_throughput_tiers":{"version":0,"block":{"attributes":{"cloud_provider":{"type":"string","description":"Cloud provider where the Throughput Tiers are available","description_kind":"plain","optional":true},"throughput_tiers":{"nested_type":{"attributes":{"cloud_provider":{"type":"string","description":"Cloud provider where the Throughput Tier is available","description_kind":"plain","computed":true},"display_name":{"type":"string","description":"Display name of the Throughput Tier","description_kind":"plain","computed":true},"name":{"type":"string","description":"Unique name of the Throughput Tier","description_kind":"plain","computed":true}},"nesting_mode":"list"},"description":"Throughput Tiers","description_kind":"plain","computed":true}},"description":"Data source for a list of Redpanda Cloud throughput tiers","description_kind":"plain"}}}}}}
